
Microsoft Visual Studio Solution File, Format Version 10.00
# Visual Studio 2008
Project("{8BC9CEB8-8B4A-11D0-8D11-00A0C91BC942}") = "Client", "Client\client.vcproj", "{A4EE1FDE-FDDC-4CE4-AC31-71559907C174}"
	ProjectSection(ProjectDependencies) = postProject
		{CD7A413A-B10E-4B83-AD7E-55C96422E915} = {CD7A413A-B10E-4B83-AD7E-55C96422E915}
		{15D68F42-EE7B-4CC9-A54D-5A37B96DEF2C} = {15D68F42-EE7B-4CC9-A54D-5A37B96DEF2C}
		{DF0D719A-E5DE-4F17-9741-FCBDD15B3FE0} = {DF0D719A-E5DE-4F17-9741-FCBDD15B3FE0}
		{4AF7E1BE-AA23-43C1-91CD-5A9A75606523} = {4AF7E1BE-AA23-43C1-91CD-5A9A75606523}
		{61137ABF-2CDC-4178-869F-963EE9A497A5} = {61137ABF-2CDC-4178-869F-963EE9A497A5}
	EndProjectSection
EndProject
Project("{8BC9CEB8-8B4A-11D0-8D11-00A0C91BC942}") = "Server", "Server\server.vcproj", "{4D2DD4B8-016F-44E8-85A2-C0F40A53251B}"
	ProjectSection(ProjectDependencies) = postProject
		{15D68F42-EE7B-4CC9-A54D-5A37B96DEF2C} = {15D68F42-EE7B-4CC9-A54D-5A37B96DEF2C}
		{DF0D719A-E5DE-4F17-9741-FCBDD15B3FE0} = {DF0D719A-E5DE-4F17-9741-FCBDD15B3FE0}
		{4AF7E1BE-AA23-43C1-91CD-5A9A75606523} = {4AF7E1BE-AA23-43C1-91CD-5A9A75606523}
		{61137ABF-2CDC-4178-869F-963EE9A497A5} = {61137ABF-2CDC-4178-869F-963EE9A497A5}
	EndProjectSection
EndProject
Project("{8BC9CEB8-8B4A-11D0-8D11-00A0C91BC942}") = "Share", "Share\Share.vcproj", "{DF0D719A-E5DE-4F17-9741-FCBDD15B3FE0}"
EndProject
Project("{8BC9CEB8-8B4A-11D0-8D11-00A0C91BC942}") = "GBaseLib", "GBaseLib\GBaseLib.vcproj", "{4AF7E1BE-AA23-43C1-91CD-5A9A75606523}"
EndProject
Project("{8BC9CEB8-8B4A-11D0-8D11-00A0C91BC942}") = "Melissa", "Melissa\Melissa.vcproj", "{61137ABF-2CDC-4178-869F-963EE9A497A5}"
	ProjectSection(ProjectDependencies) = postProject
		{DF0D719A-E5DE-4F17-9741-FCBDD15B3FE0} = {DF0D719A-E5DE-4F17-9741-FCBDD15B3FE0}
		{4AF7E1BE-AA23-43C1-91CD-5A9A75606523} = {4AF7E1BE-AA23-43C1-91CD-5A9A75606523}
	EndProjectSection
EndProject
Project("{8BC9CEB8-8B4A-11D0-8D11-00A0C91BC942}") = "Robert", "Robert\Robert.vcproj", "{15D68F42-EE7B-4CC9-A54D-5A37B96DEF2C}"
	ProjectSection(ProjectDependencies) = postProject
		{DF0D719A-E5DE-4F17-9741-FCBDD15B3FE0} = {DF0D719A-E5DE-4F17-9741-FCBDD15B3FE0}
		{4AF7E1BE-AA23-43C1-91CD-5A9A75606523} = {4AF7E1BE-AA23-43C1-91CD-5A9A75606523}
	EndProjectSection
EndProject
Project("{8BC9CEB8-8B4A-11D0-8D11-00A0C91BC942}") = "BigJack", "BigJack\BigJack.vcproj", "{600BBB4D-1A07-4D9E-8C52-6FDE93C3902A}"
EndProject
Project("{8BC9CEB8-8B4A-11D0-8D11-00A0C91BC942}") = "QBaseLib", "QBaseLib\QBaseLib.vcproj", "{CD7A413A-B10E-4B83-AD7E-55C96422E915}"
EndProject
Project("{8BC9CEB8-8B4A-11D0-8D11-00A0C91BC942}") = "TanksLib", "TanksLib\TanksLib.vcproj", "{187CFE85-D0F7-4E23-9216-24CFDB66EB60}"
EndProject
Project("{8BC9CEB8-8B4A-11D0-8D11-00A0C91BC942}") = "DXUT", "DXUT\Core\DXUT_2008.vcproj", "{E0CF097B-F22D-465B-A884-D89E55BD7ECD}"
EndProject
Project("{8BC9CEB8-8B4A-11D0-8D11-00A0C91BC942}") = "DXUTOpt", "DXUT\Optional\DXUTOpt_2008.vcproj", "{9F64786D-4F8F-43BF-ADA0-133ABAE1E52D}"
EndProject
Global
	GlobalSection(SolutionConfigurationPlatforms) = preSolution
		Debug|Win32 = Debug|Win32
		Profile|Win32 = Profile|Win32
		Release|Win32 = Release|Win32
	EndGlobalSection
	GlobalSection(ProjectConfigurationPlatforms) = postSolution
		{A4EE1FDE-FDDC-4CE4-AC31-71559907C174}.Debug|Win32.ActiveCfg = Debug|Win32
		{A4EE1FDE-FDDC-4CE4-AC31-71559907C174}.Debug|Win32.Build.0 = Debug|Win32
		{A4EE1FDE-FDDC-4CE4-AC31-71559907C174}.Profile|Win32.ActiveCfg = Debug|Win32
		{A4EE1FDE-FDDC-4CE4-AC31-71559907C174}.Profile|Win32.Build.0 = Debug|Win32
		{A4EE1FDE-FDDC-4CE4-AC31-71559907C174}.Release|Win32.ActiveCfg = Release|Win32
		{A4EE1FDE-FDDC-4CE4-AC31-71559907C174}.Release|Win32.Build.0 = Release|Win32
		{4D2DD4B8-016F-44E8-85A2-C0F40A53251B}.Debug|Win32.ActiveCfg = Debug|Win32
		{4D2DD4B8-016F-44E8-85A2-C0F40A53251B}.Debug|Win32.Build.0 = Debug|Win32
		{4D2DD4B8-016F-44E8-85A2-C0F40A53251B}.Profile|Win32.ActiveCfg = Debug|Win32
		{4D2DD4B8-016F-44E8-85A2-C0F40A53251B}.Profile|Win32.Build.0 = Debug|Win32
		{4D2DD4B8-016F-44E8-85A2-C0F40A53251B}.Release|Win32.ActiveCfg = Release|Win32
		{4D2DD4B8-016F-44E8-85A2-C0F40A53251B}.Release|Win32.Build.0 = Release|Win32
		{DF0D719A-E5DE-4F17-9741-FCBDD15B3FE0}.Debug|Win32.ActiveCfg = Debug|Win32
		{DF0D719A-E5DE-4F17-9741-FCBDD15B3FE0}.Debug|Win32.Build.0 = Debug|Win32
		{DF0D719A-E5DE-4F17-9741-FCBDD15B3FE0}.Profile|Win32.ActiveCfg = Release|Win32
		{DF0D719A-E5DE-4F17-9741-FCBDD15B3FE0}.Profile|Win32.Build.0 = Release|Win32
		{DF0D719A-E5DE-4F17-9741-FCBDD15B3FE0}.Release|Win32.ActiveCfg = Release|Win32
		{DF0D719A-E5DE-4F17-9741-FCBDD15B3FE0}.Release|Win32.Build.0 = Release|Win32
		{4AF7E1BE-AA23-43C1-91CD-5A9A75606523}.Debug|Win32.ActiveCfg = Debug|Win32
		{4AF7E1BE-AA23-43C1-91CD-5A9A75606523}.Debug|Win32.Build.0 = Debug|Win32
		{4AF7E1BE-AA23-43C1-91CD-5A9A75606523}.Profile|Win32.ActiveCfg = Release|Win32
		{4AF7E1BE-AA23-43C1-91CD-5A9A75606523}.Profile|Win32.Build.0 = Release|Win32
		{4AF7E1BE-AA23-43C1-91CD-5A9A75606523}.Release|Win32.ActiveCfg = Release|Win32
		{4AF7E1BE-AA23-43C1-91CD-5A9A75606523}.Release|Win32.Build.0 = Release|Win32
		{61137ABF-2CDC-4178-869F-963EE9A497A5}.Debug|Win32.ActiveCfg = Debug|Win32
		{61137ABF-2CDC-4178-869F-963EE9A497A5}.Debug|Win32.Build.0 = Debug|Win32
		{61137ABF-2CDC-4178-869F-963EE9A497A5}.Profile|Win32.ActiveCfg = Release|Win32
		{61137ABF-2CDC-4178-869F-963EE9A497A5}.Profile|Win32.Build.0 = Release|Win32
		{61137ABF-2CDC-4178-869F-963EE9A497A5}.Release|Win32.ActiveCfg = Release|Win32
		{61137ABF-2CDC-4178-869F-963EE9A497A5}.Release|Win32.Build.0 = Release|Win32
		{15D68F42-EE7B-4CC9-A54D-5A37B96DEF2C}.Debug|Win32.ActiveCfg = Debug|Win32
		{15D68F42-EE7B-4CC9-A54D-5A37B96DEF2C}.Debug|Win32.Build.0 = Debug|Win32
		{15D68F42-EE7B-4CC9-A54D-5A37B96DEF2C}.Profile|Win32.ActiveCfg = Release|Win32
		{15D68F42-EE7B-4CC9-A54D-5A37B96DEF2C}.Profile|Win32.Build.0 = Release|Win32
		{15D68F42-EE7B-4CC9-A54D-5A37B96DEF2C}.Release|Win32.ActiveCfg = Release|Win32
		{15D68F42-EE7B-4CC9-A54D-5A37B96DEF2C}.Release|Win32.Build.0 = Release|Win32
		{600BBB4D-1A07-4D9E-8C52-6FDE93C3902A}.Debug|Win32.ActiveCfg = Debug|Win32
		{600BBB4D-1A07-4D9E-8C52-6FDE93C3902A}.Debug|Win32.Build.0 = Debug|Win32
		{600BBB4D-1A07-4D9E-8C52-6FDE93C3902A}.Profile|Win32.ActiveCfg = Release|Win32
		{600BBB4D-1A07-4D9E-8C52-6FDE93C3902A}.Profile|Win32.Build.0 = Release|Win32
		{600BBB4D-1A07-4D9E-8C52-6FDE93C3902A}.Release|Win32.ActiveCfg = Release|Win32
		{600BBB4D-1A07-4D9E-8C52-6FDE93C3902A}.Release|Win32.Build.0 = Release|Win32
		{CD7A413A-B10E-4B83-AD7E-55C96422E915}.Debug|Win32.ActiveCfg = Debug|Win32
		{CD7A413A-B10E-4B83-AD7E-55C96422E915}.Debug|Win32.Build.0 = Debug|Win32
		{CD7A413A-B10E-4B83-AD7E-55C96422E915}.Profile|Win32.ActiveCfg = Debug|Win32
		{CD7A413A-B10E-4B83-AD7E-55C96422E915}.Profile|Win32.Build.0 = Debug|Win32
		{CD7A413A-B10E-4B83-AD7E-55C96422E915}.Release|Win32.ActiveCfg = Release|Win32
		{CD7A413A-B10E-4B83-AD7E-55C96422E915}.Release|Win32.Build.0 = Release|Win32
		{187CFE85-D0F7-4E23-9216-24CFDB66EB60}.Debug|Win32.ActiveCfg = Debug|Win32
		{187CFE85-D0F7-4E23-9216-24CFDB66EB60}.Debug|Win32.Build.0 = Debug|Win32
		{187CFE85-D0F7-4E23-9216-24CFDB66EB60}.Profile|Win32.ActiveCfg = Release|Win32
		{187CFE85-D0F7-4E23-9216-24CFDB66EB60}.Profile|Win32.Build.0 = Release|Win32
		{187CFE85-D0F7-4E23-9216-24CFDB66EB60}.Release|Win32.ActiveCfg = Release|Win32
		{187CFE85-D0F7-4E23-9216-24CFDB66EB60}.Release|Win32.Build.0 = Release|Win32
		{E0CF097B-F22D-465B-A884-D89E55BD7ECD}.Debug|Win32.ActiveCfg = Debug|Win32
		{E0CF097B-F22D-465B-A884-D89E55BD7ECD}.Debug|Win32.Build.0 = Debug|Win32
		{E0CF097B-F22D-465B-A884-D89E55BD7ECD}.Profile|Win32.ActiveCfg = Profile|Win32
		{E0CF097B-F22D-465B-A884-D89E55BD7ECD}.Profile|Win32.Build.0 = Profile|Win32
		{E0CF097B-F22D-465B-A884-D89E55BD7ECD}.Release|Win32.ActiveCfg = Release|Win32
		{E0CF097B-F22D-465B-A884-D89E55BD7ECD}.Release|Win32.Build.0 = Release|Win32
		{9F64786D-4F8F-43BF-ADA0-133ABAE1E52D}.Debug|Win32.ActiveCfg = Debug|Win32
		{9F64786D-4F8F-43BF-ADA0-133ABAE1E52D}.Debug|Win32.Build.0 = Debug|Win32
		{9F64786D-4F8F-43BF-ADA0-133ABAE1E52D}.Profile|Win32.ActiveCfg = Profile|Win32
		{9F64786D-4F8F-43BF-ADA0-133ABAE1E52D}.Profile|Win32.Build.0 = Profile|Win32
		{9F64786D-4F8F-43BF-ADA0-133ABAE1E52D}.Release|Win32.ActiveCfg = Release|Win32
		{9F64786D-4F8F-43BF-ADA0-133ABAE1E52D}.Release|Win32.Build.0 = Release|Win32
	EndGlobalSection
	GlobalSection(SolutionProperties) = preSolution
		HideSolutionNode = FALSE
	EndGlobalSection
	GlobalSection(Qt) = preSolution
		Integration = True
	EndGlobalSection
	GlobalSection(Qt) = preSolution
		Integration = True
	EndGlobalSection
	GlobalSection(Qt) = preSolution
		Integration = True
	EndGlobalSection
	GlobalSection(Qt) = preSolution
		Integration = True
	EndGlobalSection
EndGlobal
